#
# This file is autogenerated by pip-compile with Python 3.13
# by the following command:
#
#    pip-compile --no-emit-index-url --output-file=requirements-build.lock requirements-build.in
#

build==1.5.1
    # via -r requirements-build.in
hatchling==1.27.0
    # via -r requirements-build.in
packaging==26.2
    # via
    #   build
    #   hatchling
pathspec==1.1.1
    # via hatchling
pluggy==1.6.0
    # via hatchling
pyproject-hooks==1.2.0
    # via build
trove-classifiers==2026.6.1.19
    # via hatchling
